
Microsoft Visual Studio Solution File, Format Version 12.00
# Visual Studio Version 17
VisualStudioVersion = 17.3.32922.545
MinimumVisualStudioVersion = 10.0.40219.1
Project("{FAE04EC0-301F-11D3-BF4B-00C04F79EFBC}") = "KoledenBazar", "KoledenBazar\KoledenBazar.csproj", "{2CADB6A7-CF0E-4A4A-AAFD-8132426E5FE1}"
EndProject
Project("{FAE04EC0-301F-11D3-BF4B-00C04F79EFBC}") = "ConsoleApp1", "ConsoleApp1\ConsoleApp1.csproj", "{EDEF48D1-AC5D-4348-9CF2-CE57B5D614FC}"
EndProject
Global
	GlobalSection(SolutionConfigurationPlatforms) = preSolution
		Debug|Any CPU = Debug|Any CPU
		Release|Any CPU = Release|Any CPU
	EndGlobalSection
	GlobalSection(ProjectConfigurationPlatforms) = postSolution
		{2CADB6A7-CF0E-4A4A-AAFD-8132426E5FE1}.Debug|Any CPU.ActiveCfg = Debug|Any CPU
		{2CADB6A7-CF0E-4A4A-AAFD-8132426E5FE1}.Debug|Any CPU.Build.0 = Debug|Any CPU
		{2CADB6A7-CF0E-4A4A-AAFD-8132426E5FE1}.Release|Any CPU.ActiveCfg = Release|Any CPU
		{2CADB6A7-CF0E-4A4A-AAFD-8132426E5FE1}.Release|Any CPU.Build.0 = Release|Any CPU
		{EDEF48D1-AC5D-4348-9CF2-CE57B5D614FC}.Debug|Any CPU.ActiveCfg = Debug|Any CPU
		{EDEF48D1-AC5D-4348-9CF2-CE57B5D614FC}.Debug|Any CPU.Build.0 = Debug|Any CPU
		{EDEF48D1-AC5D-4348-9CF2-CE57B5D614FC}.Release|Any CPU.ActiveCfg = Release|Any CPU
		{EDEF48D1-AC5D-4348-9CF2-CE57B5D614FC}.Release|Any CPU.Build.0 = Release|Any CPU
	EndGlobalSection
	GlobalSection(SolutionProperties) = preSolution
		HideSolutionNode = FALSE
	EndGlobalSection
	GlobalSection(ExtensibilityGlobals) = postSolution
		SolutionGuid = {35792F38-1D23-44EE-AEF4-AD551CB2A56A}
	EndGlobalSection
EndGlobal
